
Microsoft Visual Studio Solution File, Format Version 12.00
# Visual Studio Version 17
VisualStudioVersion = 17.8.34511.84
MinimumVisualStudioVersion = 10.0.40219.1
Project("{FAE04EC0-301F-11D3-BF4B-00C04F79EFBC}") = "SkyEscape", "SkyEscape\SkyEscape.csproj", "{A65338DE-4CC8-4450-A67D-D26A129A1825}"
EndProject
Global
	GlobalSection(SolutionConfigurationPlatforms) = preSolution
		Debug|Any CPU = Debug|Any CPU
		Release|Any CPU = Release|Any CPU
	EndGlobalSection
	GlobalSection(ProjectConfigurationPlatforms) = postSolution
		{A65338DE-4CC8-4450-A67D-D26A129A1825}.Debug|Any CPU.ActiveCfg = Debug|Any CPU
		{A65338DE-4CC8-4450-A67D-D26A129A1825}.Debug|Any CPU.Build.0 = Debug|Any CPU
		{A65338DE-4CC8-4450-A67D-D26A129A1825}.Release|Any CPU.ActiveCfg = Release|Any CPU
		{A65338DE-4CC8-4450-A67D-D26A129A1825}.Release|Any CPU.Build.0 = Release|Any CPU
	EndGlobalSection
	GlobalSection(SolutionProperties) = preSolution
		HideSolutionNode = FALSE
	EndGlobalSection
	GlobalSection(ExtensibilityGlobals) = postSolution
		SolutionGuid = {78D0F403-8F01-49CB-8D31-3277C11A3E9C}
	EndGlobalSection
EndGlobal
